{
  "requires": true,
  "lockfileVersion": 1,
  "dependencies": {
    "bkiarie-palindrome": {
      "version": "0.2.0",
      "resolved": "https://registry.npmjs.org/bkiarie-palindrome/-/bkiarie-palindrome-0.2.0.tgz",
      "integrity": "sha512-Vqp98fB044rsA6G+6xYd86LF3hwOeqxRcUFEvwX2qXt5nDit0vza3ek2pmvMszKQslUegwmIVvA8gjhuc9LoVg=="
    }
  }
}
