{
  "requires": true,
  "lockfileVersion": 1,
  "dependencies": {
    "bkiarie-palindrome": {
      "version": "0.1.1",
      "resolved": "https://registry.npmjs.org/bkiarie-palindrome/-/bkiarie-palindrome-0.1.1.tgz",
      "integrity": "sha512-S9zb02N6luKlTtGrkR3N0oxnq3X2Ed2xDqHAy9MvF4+lzYAtqHa+vkLKjh+8c58EJGuSoEEXOUILXgdRHfs0RA=="
    }
  }
}
